# This file is automatically @generated by Poetry 1.5.4 and should not be changed by hand.

[[package]]
name = "imapclient"
version = "3.0.1"
description = "Easy-to-use, Pythonic and complete IMAP client library"
optional = false
python-versions = ">=3.7.0"
files = [
    {file = "IMAPClient-3.0.1-py2.py3-none-any.whl", hash = "sha256:d77d77caa4123e0233b5cf2b9c54a078522e63270b88d3f48653a28637fd8828"},
    {file = "IMAPClient-3.0.1.zip", hash = "sha256:78e6d62fbfbbe233e1f0e0e993160fd665eb1fd35973acddc61c15719b22bc02"},
]

[package.extras]
doc = ["sphinx"]

[metadata]
lock-version = "2.0"
python-versions = ">=3.10.0,<3.12"
content-hash = "da41b1c5efa7102a1379ce622eaf047898474c548f48891f585de686aa3d026b"
